// !$*UTF8*$!
{
	archiveVersion = 1;
	classes = {
	};
	objectVersion = 77;
	objects = {

/* Begin PBXContainerItemProxy section */
		2B0DD8C72CE3D45B0062199A /* PBXContainerItemProxy */ = {
			isa = PBXContainerItemProxy;
			containerPortal = 2B0DD8AE2CE3D4580062199A /* Project object */;
			proxyType = 1;
			remoteGlobalIDString = 2B0DD8B52CE3D4580062199A;
			remoteInfo = GetUp;
		};
		2B0DD8D12CE3D45B0062199A /* PBXContainerItemProxy */ = {
			isa = PBXContainerItemProxy;
			containerPortal = 2B0DD8AE2CE3D4580062199A /* Project object */;
			proxyType = 1;
			remoteGlobalIDString = 2B0DD8B52CE3D4580062199A;
			remoteInfo = GetUp;
		};
/* End PBXContainerItemProxy section */

/* Begin PBXFileReference section */
		2B0DD8B62CE3D4580062199A /* GetUp.app */ = {isa = PBXFileReference; explicitFileType = wrapper.application; includeInIndex = 0; path = GetUp.app; sourceTree = BUILT_PRODUCTS_DIR; };
		2B0DD8C62CE3D45B0062199A /* GetUpTests.xctest */ = {isa = PBXFileReference; explicitFileType = wrapper.cfbundle; includeInIndex = 0; path = GetUpTests.xctest; sourceTree = BUILT_PRODUCTS_DIR; };
		2B0DD8D02CE3D45B0062199A /* GetUpUITests.xctest */ = {isa = PBXFileReference; explicitFileType = wrapper.cfbundle; includeInIndex = 0; path = GetUpUITests.xctest; sourceTree = BUILT_PRODUCTS_DIR; };
/* End PBXFileReference section */

/* Begin PBXFileSystemSynchronizedRootGroup section */
		2B0DD8B82CE3D4580062199A /* GetUp */ = {
			isa = PBXFileSystemSynchronizedRootGroup;
			path = GetUp;
			sourceTree = "<group>";
		};
		2B0DD8C92CE3D45B0062199A /* GetUpTests */ = {
			isa = PBXFileSystemSynchronizedRootGroup;
			path = GetUpTests;
			sourceTree = "<group>";
		};
		2B0DD8D32CE3D45B0062199A /* GetUpUITests */ = {
			isa = PBXFileSystemSynchronizedRootGroup;
			path = GetUpUITests;
			sourceTree = "<group>";
		};
/* End PBXFileSystemSynchronizedRootGroup section */

/* Begin PBXFrameworksBuildPhase section */
		2B0DD8B32CE3D4580062199A /* Frameworks */ = {
			isa = PBXFrameworksBuildPhase;
			buildActionMask = 2147483647;
			files = (
			);
			runOnlyForDeploymentPostprocessing = 0;
		};
		2B0DD8C32CE3D45B0062199A /* Frameworks */ = {
			isa = PBXFrameworksBuildPhase;
			buildActionMask = 2147483647;
			files = (
			);
			runOnlyForDeploymentPostprocessing = 0;
		};
		2B0DD8CD2CE3D45B0062199A /* Frameworks */ = {
			isa = PBXFrameworksBuildPhase;
			buildActionMask = 2147483647;
			files = (
			);
			runOnlyForDeploymentPostprocessing = 0;
		};
/* End PBXFrameworksBuildPhase section */

/* Begin PBXGroup section */
		2B0DD8AD2CE3D4580062199A = {
			isa = PBXGroup;
			children = (
				2B0DD8B82CE3D4580062199A /* GetUp */,
				2B0DD8C92CE3D45B0062199A /* GetUpTests */,
				2B0DD8D32CE3D45B0062199A /* GetUpUITests */,
				2B0DD8B72CE3D4580062199A /* Products */,
			);
			sourceTree = "<group>";
		};
		2B0DD8B72CE3D4580062199A /* Products */ = {
			isa = PBXGroup;
			children = (
				2B0DD8B62CE3D4580062199A /* GetUp.app */,
				2B0DD8C62CE3D45B0062199A /* GetUpTests.xctest */,
				2B0DD8D02CE3D45B0062199A /* GetUpUITests.xctest */,
			);
			name = Products;
			sourceTree = "<group>";
		};
/* End PBXGroup section */

/* Begin PBXNativeTarget section */
		2B0DD8B52CE3D4580062199A /* GetUp */ = {
			isa = PBXNativeTarget;
			buildConfigurationList = 2B0DD8DA2CE3D45B0062199A /* Build configuration list for PBXNativeTarget "GetUp" */;
			buildPhases = (
				2B0DD8B22CE3D4580062199A /* Sources */,
				2B0DD8B32CE3D4580062199A /* Frameworks */,
				2B0DD8B42CE3D4580062199A /* Resources */,
			);
			buildRules = (
			);
			dependencies = (
			);
			fileSystemSynchronizedGroups = (
				2B0DD8B82CE3D4580062199A /* GetUp */,
			);
			name = GetUp;
			packageProductDependencies = (
			);
			productName = GetUp;
			productReference = 2B0DD8B62CE3D4580062199A /* GetUp.app */;
			productType = "com.apple.product-type.application";
		};
		2B0DD8C52CE3D45B0062199A /* GetUpTests */ = {
			isa = PBXNativeTarget;
			buildConfigurationList = 2B0DD8DD2CE3D45B0062199A /* Build configuration list for PBXNativeTarget "GetUpTests" */;
			buildPhases = (
				2B0DD8C22CE3D45B0062199A /* Sources */,
				2B0DD8C32CE3D45B0062199A /* Frameworks */,
				2B0DD8C42CE3D45B0062199A /* Resources */,
			);
			buildRules = (
			);
			dependencies = (
				2B0DD8C82CE3D45B0062199A /* PBXTargetDependency */,
			);
			fileSystemSynchronizedGroups = (
				2B0DD8C92CE3D45B0062199A /* GetUpTests */,
			);
			name = GetUpTests;
			packageProductDependencies = (
			);
			productName = GetUpTests;
			productReference = 2B0DD8C62CE3D45B0062199A /* GetUpTests.xctest */;
			productType = "com.apple.product-type.bundle.unit-test";
		};
		2B0DD8CF2CE3D45B0062199A /* GetUpUITests */ = {
			isa = PBXNativeTarget;
			buildConfigurationList = 2B0DD8E02CE3D45B0062199A /* Build configuration list for PBXNativeTarget "GetUpUITests" */;
			buildPhases = (
				2B0DD8CC2CE3D45B0062199A /* Sources */,
				2B0DD8CD2CE3D45B0062199A /* Frameworks */,
				2B0DD8CE2CE3D45B0062199A /* Resources */,
			);
			buildRules = (
			);
			dependencies = (
				2B0DD8D22CE3D45B0062199A /* PBXTargetDependency */,
			);
			fileSystemSynchronizedGroups = (
				2B0DD8D32CE3D45B0062199A /* GetUpUITests */,
			);
			name = GetUpUITests;
			packageProductDependencies = (
			);
			productName = GetUpUITests;
			productReference = 2B0DD8D02CE3D45B0062199A /* GetUpUITests.xctest */;
			productType = "com.apple.product-type.bundle.ui-testing";
		};
/* End PBXNativeTarget section */

/* Begin PBXProject section */
		2B0DD8AE2CE3D4580062199A /* Project object */ = {
			isa = PBXProject;
			attributes = {
				BuildIndependentTargetsInParallel = 1;
				LastSwiftUpdateCheck = 1610;
				LastUpgradeCheck = 1610;
				TargetAttributes = {
					2B0DD8B52CE3D4580062199A = {
						CreatedOnToolsVersion = 16.1;
					};
					2B0DD8C52CE3D45B0062199A = {
						CreatedOnToolsVersion = 16.1;
						TestTargetID = 2B0DD8B52CE3D4580062199A;
					};
					2B0DD8CF2CE3D45B0062199A = {
						CreatedOnToolsVersion = 16.1;
						TestTargetID = 2B0DD8B52CE3D4580062199A;
					};
				};
			};
			buildConfigurationList = 2B0DD8B12CE3D4580062199A /* Build configuration list for PBXProject "GetUp" */;
			developmentRegion = en;
			hasScannedForEncodings = 0;
			knownRegions = (
				en,
				Base,
			);
			mainGroup = 2B0DD8AD2CE3D4580062199A;
			minimizedProjectReferenceProxies = 1;
			preferredProjectObjectVersion = 77;
			productRefGroup = 2B0DD8B72CE3D4580062199A /* Products */;
			projectDirPath = "";
			projectRoot = "";
			targets = (
				2B0DD8B52CE3D4580062199A /* GetUp */,
				2B0DD8C52CE3D45B0062199A /* GetUpTests */,
				2B0DD8CF2CE3D45B0062199A /* GetUpUITests */,
			);
		};
/* End PBXProject section */

/* Begin PBXResourcesBuildPhase section */
		2B0DD8B42CE3D4580062199A /* Resources */ = {
			isa = PBXResourcesBuildPhase;
			buildActionMask = 2147483647;
			files = (
			);
			runOnlyForDeploymentPostprocessing = 0;
		};
		2B0DD8C42CE3D45B0062199A /* Resources */ = {
			isa = PBXResourcesBuildPhase;
			buildActionMask = 2147483647;
			files = (
			);
			runOnlyForDeploymentPostprocessing = 0;
		};
		2B0DD8CE2CE3D45B0062199A /* Resources */ = {
			isa = PBXResourcesBuildPhase;
			buildActionMask = 2147483647;
			files = (
			);
			runOnlyForDeploymentPostprocessing = 0;
		};
/* End PBXResourcesBuildPhase section */

/* Begin PBXSourcesBuildPhase section */
		2B0DD8B22CE3D4580062199A /* Sources */ = {
			isa = PBXSourcesBuildPhase;
			buildActionMask = 2147483647;
			files = (
			);
			runOnlyForDeploymentPostprocessing = 0;
		};
		2B0DD8C22CE3D45B0062199A /* Sources */ = {
			isa = PBXSourcesBuildPhase;
			buildActionMask = 2147483647;
			files = (
			);
			runOnlyForDeploymentPostprocessing = 0;
		};
		2B0DD8CC2CE3D45B0062199A /* Sources */ = {
			isa = PBXSourcesBuildPhase;
			buildActionMask = 2147483647;
			files = (
			);
			runOnlyForDeploymentPostprocessing = 0;
		};
/* End PBXSourcesBuildPhase section */

/* Begin PBXTargetDependency section */
		2B0DD8C82CE3D45B0062199A /* PBXTargetDependency */ = {
			isa = PBXTargetDependency;
			target = 2B0DD8B52CE3D4580062199A /* GetUp */;
			targetProxy = 2B0DD8C72CE3D45B0062199A /* PBXContainerItemProxy */;
		};
		2B0DD8D22CE3D45B0062199A /* PBXTargetDependency */ = {
			isa = PBXTargetDependency;
			target = 2B0DD8B52CE3D4580062199A /* GetUp */;
			targetProxy = 2B0DD8D12CE3D45B0062199A /* PBXContainerItemProxy */;
		};
/* End PBXTargetDependency section */

/* Begin XCBuildConfiguration section */
		2B0DD8D82CE3D45B0062199A /* Debug */ = {
			isa = XCBuildConfiguration;
			buildSettings = {
				ALWAYS_SEARCH_USER_PATHS = NO;
				ASSETCATALOG_COMPILER_GENERATE_SWIFT_ASSET_SYMBOL_EXTENSIONS = YES;
				CLANG_ANALYZER_NONNULL = YES;
				CLANG_ANALYZER_NUMBER_OBJECT_CONVERSION = YES_AGGRESSIVE;
				CLANG_CXX_LANGUAGE_STANDARD = "gnu++20";
				CLANG_ENABLE_MODULES = YES;
				CLANG_ENABLE_OBJC_ARC = YES;
				CLANG_ENABLE_OBJC_WEAK = YES;
				CLANG_WARN_BLOCK_CAPTURE_AUTORELEASING = YES;
				CLANG_WARN_BOOL_CONVERSION = YES;
				CLANG_WARN_COMMA = YES;
				CLANG_WARN_CONSTANT_CONVERSION = YES;
				CLANG_WARN_DEPRECATED_OBJC_IMPLEMENTATIONS = YES;
				CLANG_WARN_DIRECT_OBJC_ISA_USAGE = YES_ERROR;
				CLANG_WARN_DOCUMENTATION_COMMENTS = YES;
				CLANG_WARN_EMPTY_BODY = YES;
				CLANG_WARN_ENUM_CONVERSION = YES;
				CLANG_WARN_INFINITE_RECURSION = YES;
				CLANG_WARN_INT_CONVERSION = YES;
				CLANG_WARN_NON_LITERAL_NULL_CONVERSION = YES;
				CLANG_WARN_OBJC_IMPLICIT_RETAIN_SELF = YES;
				CLANG_WARN_OBJC_LITERAL_CONVERSION = YES;
				CLANG_WARN_OBJC_ROOT_CLASS = YES_ERROR;
				CLANG_WARN_QUOTED_INCLUDE_IN_FRAMEWORK_HEADER = YES;
				CLANG_WARN_RANGE_LOOP_ANALYSIS = YES;
				CLANG_WARN_STRICT_PROTOTYPES = YES;
				CLANG_WARN_SUSPICIOUS_MOVE = YES;
				CLANG_WARN_UNGUARDED_AVAILABILITY = YES_AGGRESSIVE;
				CLANG_WARN_UNREACHABLE_CODE = YES;
				CLANG_WARN__DUPLICATE_METHOD_MATCH = YES;
				COPY_PHASE_STRIP = NO;
				DEBUG_INFORMATION_FORMAT = dwarf;
				ENABLE_STRICT_OBJC_MSGSEND = YES;
				ENABLE_TESTABILITY = YES;
				ENABLE_USER_SCRIPT_SANDBOXING = YES;
				GCC_C_LANGUAGE_STANDARD = gnu17;
				GCC_DYNAMIC_NO_PIC = NO;
				GCC_NO_COMMON_BLOCKS = YES;
				GCC_OPTIMIZATION_LEVEL = 0;
				GCC_PREPROCESSOR_DEFINITIONS = (
					"DEBUG=1",
					"$(inherited)",
				);
				GCC_WARN_64_TO_32_BIT_CONVERSION = YES;
				GCC_WARN_ABOUT_RETURN_TYPE = YES_ERROR;
				GCC_WARN_UNDECLARED_SELECTOR = YES;
				GCC_WARN_UNINITIALIZED_AUTOS = YES_AGGRESSIVE;
				GCC_WARN_UNUSED_FUNCTION = YES;
				GCC_WARN_UNUSED_VARIABLE = YES;
				IPHONEOS_DEPLOYMENT_TARGET = 18.1;
				LOCALIZATION_PREFERS_STRING_CATALOGS = YES;
				MTL_ENABLE_DEBUG_INFO = INCLUDE_SOURCE;
				MTL_FAST_MATH = YES;
				ONLY_ACTIVE_ARCH = YES;
				SDKROOT = iphoneos;
				SWIFT_ACTIVE_COMPILATION_CONDITIONS = "DEBUG $(inherited)";
				SWIFT_OPTIMIZATION_LEVEL = "-Onone";
			};
			name = Debug;
		};
		2B0DD8D92CE3D45B0062199A /* Release */ = {
			isa = XCBuildConfiguration;
			buildSettings = {
				ALWAYS_SEARCH_USER_PATHS = NO;
				ASSETCATALOG_COMPILER_GENERATE_SWIFT_ASSET_SYMBOL_EXTENSIONS = YES;
				CLANG_ANALYZER_NONNULL = YES;
				CLANG_ANALYZER_NUMBER_OBJECT_CONVERSION = YES_AGGRESSIVE;
				CLANG_CXX_LANGUAGE_STANDARD = "gnu++20";
				CLANG_ENABLE_MODULES = YES;
				CLANG_ENABLE_OBJC_ARC = YES;
				CLANG_ENABLE_OBJC_WEAK = YES;
				CLANG_WARN_BLOCK_CAPTURE_AUTORELEASING = YES;
				CLANG_WARN_BOOL_CONVERSION = YES;
				CLANG_WARN_COMMA = YES;
				CLANG_WARN_CONSTANT_CONVERSION = YES;
				CLANG_WARN_DEPRECATED_OBJC_IMPLEMENTATIONS = YES;
				CLANG_WARN_DIRECT_OBJC_ISA_USAGE = YES_ERROR;
				CLANG_WARN_DOCUMENTATION_COMMENTS = YES;
				CLANG_WARN_EMPTY_BODY = YES;
				CLANG_WARN_ENUM_CONVERSION = YES;
				CLANG_WARN_INFINITE_RECURSION = YES;
				CLANG_WARN_INT_CONVERSION = YES;
				CLANG_WARN_NON_LITERAL_NULL_CONVERSION = YES;
				CLANG_WARN_OBJC_IMPLICIT_RETAIN_SELF = YES;
				CLANG_WARN_OBJC_LITERAL_CONVERSION = YES;
				CLANG_WARN_OBJC_ROOT_CLASS = YES_ERROR;
				CLANG_WARN_QUOTED_INCLUDE_IN_FRAMEWORK_HEADER = YES;
				CLANG_WARN_RANGE_LOOP_ANALYSIS = YES;
				CLANG_WARN_STRICT_PROTOTYPES = YES;
				CLANG_WARN_SUSPICIOUS_MOVE = YES;
				CLANG_WARN_UNGUARDED_AVAILABILITY = YES_AGGRESSIVE;
				CLANG_WARN_UNREACHABLE_CODE = YES;
				CLANG_WARN__DUPLICATE_METHOD_MATCH = YES;
				COPY_PHASE_STRIP = NO;
				DEBUG_INFORMATION_FORMAT = "dwarf-with-dsym";
				ENABLE_NS_ASSERTIONS = NO;
				ENABLE_STRICT_OBJC_MSGSEND = YES;
				ENABLE_USER_SCRIPT_SANDBOXING = YES;
				GCC_C_LANGUAGE_STANDARD = gnu17;
				GCC_NO_COMMON_BLOCKS = YES;
				GCC_WARN_64_TO_32_BIT_CONVERSION = YES;
				GCC_WARN_ABOUT_RETURN_TYPE = YES_ERROR;
				GCC_WARN_UNDECLARED_SELECTOR = YES;
				GCC_WARN_UNINITIALIZED_AUTOS = YES_AGGRESSIVE;
				GCC_WARN_UNUSED_FUNCTION = YES;
				GCC_WARN_UNUSED_VARIABLE = YES;
				IPHONEOS_DEPLOYMENT_TARGET = 18.1;
				LOCALIZATION_PREFERS_STRING_CATALOGS = YES;
				MTL_ENABLE_DEBUG_INFO = NO;
				MTL_FAST_MATH = YES;
				SDKROOT = iphoneos;
				SWIFT_COMPILATION_MODE = wholemodule;
				VALIDATE_PRODUCT = YES;
			};
			name = Release;
		};
		2B0DD8DB2CE3D45B0062199A /* Debug */ = {
			isa = XCBuildConfiguration;
			buildSettings = {
				ASSETCATALOG_COMPILER_APPICON_NAME = AppIcon;
				ASSETCATALOG_COMPILER_GLOBAL_ACCENT_COLOR_NAME = AccentColor;
				CODE_SIGN_STYLE = Automatic;
				CURRENT_PROJECT_VERSION = 1;
				DEVELOPMENT_ASSET_PATHS = "\"GetUp/Preview Content\"";
				ENABLE_PREVIEWS = YES;
				GENERATE_INFOPLIST_FILE = YES;
				INFOPLIST_KEY_UIApplicationSceneManifest_Generation = YES;
				INFOPLIST_KEY_UIApplicationSupportsIndirectInputEvents = YES;
				INFOPLIST_KEY_UILaunchScreen_Generation = YES;
				INFOPLIST_KEY_UISupportedInterfaceOrientations_iPad = "UIInterfaceOrientationPortrait UIInterfaceOrientationPortraitUpsideDown UIInterfaceOrientationLandscapeLeft UIInterfaceOrientationLandscapeRight";
				INFOPLIST_KEY_UISupportedInterfaceOrientations_iPhone = "UIInterfaceOrientationPortrait UIInterfaceOrientationLandscapeLeft UIInterfaceOrientationLandscapeRight";
				LD_RUNPATH_SEARCH_PATHS = (
					"$(inherited)",
					"@executable_path/Frameworks",
				);
				MARKETING_VERSION = 1.0;
				PRODUCT_BUNDLE_IDENTIFIER = ChavalitPramotedham.GetUp;
				PRODUCT_NAME = "$(TARGET_NAME)";
				SWIFT_EMIT_LOC_STRINGS = YES;
				SWIFT_VERSION = 5.0;
				TARGETED_DEVICE_FAMILY = "1,2";
			};
			name = Debug;
		};
		2B0DD8DC2CE3D45B0062199A /* Release */ = {
			isa = XCBuildConfiguration;
			buildSettings = {
				ASSETCATALOG_COMPILER_APPICON_NAME = AppIcon;
				ASSETCATALOG_COMPILER_GLOBAL_ACCENT_COLOR_NAME = AccentColor;
				CODE_SIGN_STYLE = Automatic;
				CURRENT_PROJECT_VERSION = 1;
				DEVELOPMENT_ASSET_PATHS = "\"GetUp/Preview Content\"";
				ENABLE_PREVIEWS = YES;
				GENERATE_INFOPLIST_FILE = YES;
				INFOPLIST_KEY_UIApplicationSceneManifest_Generation = YES;
				INFOPLIST_KEY_UIApplicationSupportsIndirectInputEvents = YES;
				INFOPLIST_KEY_UILaunchScreen_Generation = YES;
				INFOPLIST_KEY_UISupportedInterfaceOrientations_iPad = "UIInterfaceOrientationPortrait UIInterfaceOrientationPortraitUpsideDown UIInterfaceOrientationLandscapeLeft UIInterfaceOrientationLandscapeRight";
				INFOPLIST_KEY_UISupportedInterfaceOrientations_iPhone = "UIInterfaceOrientationPortrait UIInterfaceOrientationLandscapeLeft UIInterfaceOrientationLandscapeRight";
				LD_RUNPATH_SEARCH_PATHS = (
					"$(inherited)",
					"@executable_path/Frameworks",
				);
				MARKETING_VERSION = 1.0;
				PRODUCT_BUNDLE_IDENTIFIER = ChavalitPramotedham.GetUp;
				PRODUCT_NAME = "$(TARGET_NAME)";
				SWIFT_EMIT_LOC_STRINGS = YES;
				SWIFT_VERSION = 5.0;
				TARGETED_DEVICE_FAMILY = "1,2";
			};
			name = Release;
		};
		2B0DD8DE2CE3D45B0062199A /* Debug */ = {
			isa = XCBuildConfiguration;
			buildSettings = {
				BUNDLE_LOADER = "$(TEST_HOST)";
				CODE_SIGN_STYLE = Automatic;
				CURRENT_PROJECT_VERSION = 1;
				GENERATE_INFOPLIST_FILE = YES;
				IPHONEOS_DEPLOYMENT_TARGET = 18.1;
				MARKETING_VERSION = 1.0;
				PRODUCT_BUNDLE_IDENTIFIER = ChavalitPramotedham.GetUpTests;
				PRODUCT_NAME = "$(TARGET_NAME)";
				SWIFT_EMIT_LOC_STRINGS = NO;
				SWIFT_VERSION = 5.0;
				TARGETED_DEVICE_FAMILY = "1,2";
				TEST_HOST = "$(BUILT_PRODUCTS_DIR)/GetUp.app/$(BUNDLE_EXECUTABLE_FOLDER_PATH)/GetUp";
			};
			name = Debug;
		};
		2B0DD8DF2CE3D45B0062199A /* Release */ = {
			isa = XCBuildConfiguration;
			buildSettings = {
				BUNDLE_LOADER = "$(TEST_HOST)";
				CODE_SIGN_STYLE = Automatic;
				CURRENT_PROJECT_VERSION = 1;
				GENERATE_INFOPLIST_FILE = YES;
				IPHONEOS_DEPLOYMENT_TARGET = 18.1;
				MARKETING_VERSION = 1.0;
				PRODUCT_BUNDLE_IDENTIFIER = ChavalitPramotedham.GetUpTests;
				PRODUCT_NAME = "$(TARGET_NAME)";
				SWIFT_EMIT_LOC_STRINGS = NO;
				SWIFT_VERSION = 5.0;
				TARGETED_DEVICE_FAMILY = "1,2";
				TEST_HOST = "$(BUILT_PRODUCTS_DIR)/GetUp.app/$(BUNDLE_EXECUTABLE_FOLDER_PATH)/GetUp";
			};
			name = Release;
		};
		2B0DD8E12CE3D45B0062199A /* Debug */ = {
			isa = XCBuildConfiguration;
			buildSettings = {
				CODE_SIGN_STYLE = Automatic;
				CURRENT_PROJECT_VERSION = 1;
				GENERATE_INFOPLIST_FILE = YES;
				MARKETING_VERSION = 1.0;
				PRODUCT_BUNDLE_IDENTIFIER = ChavalitPramotedham.GetUpUITests;
				PRODUCT_NAME = "$(TARGET_NAME)";
				SWIFT_EMIT_LOC_STRINGS = NO;
				SWIFT_VERSION = 5.0;
				TARGETED_DEVICE_FAMILY = "1,2";
				TEST_TARGET_NAME = GetUp;
			};
			name = Debug;
		};
		2B0DD8E22CE3D45B0062199A /* Release */ = {
			isa = XCBuildConfiguration;
			buildSettings = {
				CODE_SIGN_STYLE = Automatic;
				CURRENT_PROJECT_VERSION = 1;
				GENERATE_INFOPLIST_FILE = YES;
				MARKETING_VERSION = 1.0;
				PRODUCT_BUNDLE_IDENTIFIER = ChavalitPramotedham.GetUpUITests;
				PRODUCT_NAME = "$(TARGET_NAME)";
				SWIFT_EMIT_LOC_STRINGS = NO;
				SWIFT_VERSION = 5.0;
				TARGETED_DEVICE_FAMILY = "1,2";
				TEST_TARGET_NAME = GetUp;
			};
			name = Release;
		};
/* End XCBuildConfiguration section */

/* Begin XCConfigurationList section */
		2B0DD8B12CE3D4580062199A /* Build configuration list for PBXProject "GetUp" */ = {
			isa = XCConfigurationList;
			buildConfigurations = (
				2B0DD8D82CE3D45B0062199A /* Debug */,
				2B0DD8D92CE3D45B0062199A /* Release */,
			);
			defaultConfigurationIsVisible = 0;
			defaultConfigurationName = Release;
		};
		2B0DD8DA2CE3D45B0062199A /* Build configuration list for PBXNativeTarget "GetUp" */ = {
			isa = XCConfigurationList;
			buildConfigurations = (
				2B0DD8DB2CE3D45B0062199A /* Debug */,
				2B0DD8DC2CE3D45B0062199A /* Release */,
			);
			defaultConfigurationIsVisible = 0;
			defaultConfigurationName = Release;
		};
		2B0DD8DD2CE3D45B0062199A /* Build configuration list for PBXNativeTarget "GetUpTests" */ = {
			isa = XCConfigurationList;
			buildConfigurations = (
				2B0DD8DE2CE3D45B0062199A /* Debug */,
				2B0DD8DF2CE3D45B0062199A /* Release */,
			);
			defaultConfigurationIsVisible = 0;
			defaultConfigurationName = Release;
		};
		2B0DD8E02CE3D45B0062199A /* Build configuration list for PBXNativeTarget "GetUpUITests" */ = {
			isa = XCConfigurationList;
			buildConfigurations = (
				2B0DD8E12CE3D45B0062199A /* Debug */,
				2B0DD8E22CE3D45B0062199A /* Release */,
			);
			defaultConfigurationIsVisible = 0;
			defaultConfigurationName = Release;
		};
/* End XCConfigurationList section */
	};
	rootObject = 2B0DD8AE2CE3D4580062199A /* Project object */;
}
